{
    "_meta": {
        "hash": {
            "sha256": "0b9c632b993cc8d8f7345aa0ee1e2d354f8bf12bb3eb21d13fe30858dcb9e1cc"
        },
        "pipfile-spec": 6,
        "requires": {
            "python_version": "3.7"
        },
        "sources": [
            {
                "name": "pypi",
                "url": "https://pypi.org/simple",
                "verify_ssl": true
            }
        ]
    },
    "default": {
        "certifi": {
            "hashes": [
                "sha256:376690d6f16d32f9d1fe8932551d80b23e9d393a8578c5633a2ed39a64861638",
                "sha256:456048c7e371c089d0a77a5212fb37a2c2dce1e24146e3b7e0261736aaeaa22a"
            ],
            "index": "pypi",
            "version": "==2018.8.24"
        },
        "chardet": {
            "hashes": [
                "sha256:84ab92ed1c4d4f16916e05906b6b75a6c0fb5db821cc65e70cbd64a3e2a5eaae",
                "sha256:fc323ffcaeaed0e0a02bf4d117757b98aed530d9ed4531e3e15460124c106691"
            ],
            "index": "pypi",
            "version": "==3.0.4"
        },
        "ffmpy": {
            "hashes": [
                "sha256:65abdddfa2561bb86b6c9ecfced53c7a15ea5080db4ddad08da7de5a348929f1"
            ],
            "index": "pypi",
            "version": "==0.2.2"
        },
        "idna": {
            "hashes": [
                "sha256:156a6814fb5ac1fc6850fb002e0852d56c0c8d2531923a51032d1b70760e186e",
                "sha256:684a38a6f903c1d71d6d5fac066b58d7768af4de2b832e426ec79c30daa94a16"
            ],
            "index": "pypi",
            "version": "==2.7"
        },
        "iso8601": {
            "hashes": [
                "sha256:210e0134677cc0d02f6028087fee1df1e1d76d372ee1db0bf30bf66c5c1c89a3",
                "sha256:49c4b20e1f38aa5cf109ddcd39647ac419f928512c869dc01d5c7098eddede82",
                "sha256:bbbae5fb4a7abfe71d4688fd64bff70b91bbd74ef6a99d964bab18f7fdf286dd"
            ],
            "index": "pypi",
            "version": "==0.1.12"
        },
        "m3u8": {
            "hashes": [
                "sha256:decb5585a185fdc33b4a44cc4ea015638a906ede1fe819f48795376d718b41b7"
            ],
            "index": "pypi",
            "version": "==0.3.5"
        },
        "requests": {
            "hashes": [
                "sha256:99dcfdaaeb17caf6e526f32b6a7b780461512ab3f1d992187801694cba42770c",
                "sha256:a84b8c9ab6239b578f22d1c21d51b696dcfe004032bb80ea832398d6909d7279"
            ],
            "index": "pypi",
            "version": "==2.20.0"
        },
        "urllib3": {
            "hashes": [
                "sha256:a68ac5e15e76e7e5dd2b8f94007233e01effe3e50e8daddf69acfd81cb686baf",
                "sha256:b5725a0bd4ba422ab0e66e89e030c806576753ea3ee08554382c14e685d117b5"
            ],
            "index": "pypi",
            "version": "==1.23"
        }
    },
    "develop": {}
}
